
Microsoft Visual Studio Solution File, Format Version 11.00
# Visual Studio 2010
Project("{FAE04EC0-301F-11D3-BF4B-00C04F79EFBC}") = "konyvtar", "konyvtar\konyvtar.csproj", "{EDA64065-E745-4164-ABA6-6B86E88FEEB1}"
EndProject
Global
	GlobalSection(SolutionConfigurationPlatforms) = preSolution
		Debug|x86 = Debug|x86
		Release|x86 = Release|x86
	EndGlobalSection
	GlobalSection(ProjectConfigurationPlatforms) = postSolution
		{EDA64065-E745-4164-ABA6-6B86E88FEEB1}.Debug|x86.ActiveCfg = Debug|x86
		{EDA64065-E745-4164-ABA6-6B86E88FEEB1}.Debug|x86.Build.0 = Debug|x86
		{EDA64065-E745-4164-ABA6-6B86E88FEEB1}.Release|x86.ActiveCfg = Release|x86
		{EDA64065-E745-4164-ABA6-6B86E88FEEB1}.Release|x86.Build.0 = Release|x86
	EndGlobalSection
	GlobalSection(SolutionProperties) = preSolution
		HideSolutionNode = FALSE
	EndGlobalSection
EndGlobal
